// !$*UTF8*$!
{
	archiveVersion = 1;
	classes = {
	};
	objectVersion = 46;
	objects = {

/* Begin PBXBuildFile section */
		A1327B2C322A83CD1B71DC9A /* Pods_WeatherApp.framework in Frameworks */ = {isa = PBXBuildFile; fileRef = C0F7C2C9507FF3A7E62ED57C /* Pods_WeatherApp.framework */; };
		EC1300DE1EAE744F00400128 /* AppDelegate.swift in Sources */ = {isa = PBXBuildFile; fileRef = EC1300DD1EAE744F00400128 /* AppDelegate.swift */; };
		EC1300E01EAE744F00400128 /* WeatherVC.swift in Sources */ = {isa = PBXBuildFile; fileRef = EC1300DF1EAE744F00400128 /* WeatherVC.swift */; };
		EC1300E31EAE744F00400128 /* Main.storyboard in Resources */ = {isa = PBXBuildFile; fileRef = EC1300E11EAE744F00400128 /* Main.storyboard */; };
		EC1300E51EAE744F00400128 /* Assets.xcassets in Resources */ = {isa = PBXBuildFile; fileRef = EC1300E41EAE744F00400128 /* Assets.xcassets */; };
		EC1300E81EAE744F00400128 /* LaunchScreen.storyboard in Resources */ = {isa = PBXBuildFile; fileRef = EC1300E61EAE744F00400128 /* LaunchScreen.storyboard */; };
		EC774D6D1EB5875900353063 /* Constants.swift in Sources */ = {isa = PBXBuildFile; fileRef = EC774D6C1EB5875900353063 /* Constants.swift */; };
		EC774D6F1EB58B5700353063 /* CurrentWeather.swift in Sources */ = {isa = PBXBuildFile; fileRef = EC774D6E1EB58B5700353063 /* CurrentWeather.swift */; };
/* End PBXBuildFile section */

/* Begin PBXFileReference section */
		810414817D815B8D840FB26F /* Pods-WeatherApp.release.xcconfig */ = {isa = PBXFileReference; includeInIndex = 1; lastKnownFileType = text.xcconfig; name = "Pods-WeatherApp.release.xcconfig"; path = "Pods/Target Support Files/Pods-WeatherApp/Pods-WeatherApp.release.xcconfig"; sourceTree = "<group>"; };
		C0F7C2C9507FF3A7E62ED57C /* Pods_WeatherApp.framework */ = {isa = PBXFileReference; explicitFileType = wrapper.framework; includeInIndex = 0; path = Pods_WeatherApp.framework; sourceTree = BUILT_PRODUCTS_DIR; };
		E62DD77BCDF1CE67190C5ACB /* Pods-WeatherApp.debug.xcconfig */ = {isa = PBXFileReference; includeInIndex = 1; lastKnownFileType = text.xcconfig; name = "Pods-WeatherApp.debug.xcconfig"; path = "Pods/Target Support Files/Pods-WeatherApp/Pods-WeatherApp.debug.xcconfig"; sourceTree = "<group>"; };
		EC1300DA1EAE744F00400128 /* WeatherApp.app */ = {isa = PBXFileReference; explicitFileType = wrapper.application; includeInIndex = 0; path = WeatherApp.app; sourceTree = BUILT_PRODUCTS_DIR; };
		EC1300DD1EAE744F00400128 /* AppDelegate.swift */ = {isa = PBXFileReference; lastKnownFileType = sourcecode.swift; path = AppDelegate.swift; sourceTree = "<group>"; };
		EC1300DF1EAE744F00400128 /* WeatherVC.swift */ = {isa = PBXFileReference; lastKnownFileType = sourcecode.swift; path = WeatherVC.swift; sourceTree = "<group>"; };
		EC1300E21EAE744F00400128 /* Base */ = {isa = PBXFileReference; lastKnownFileType = file.storyboard; name = Base; path = Base.lproj/Main.storyboard; sourceTree = "<group>"; };
		EC1300E41EAE744F00400128 /* Assets.xcassets */ = {isa = PBXFileReference; lastKnownFileType = folder.assetcatalog; path = Assets.xcassets; sourceTree = "<group>"; };
		EC1300E71EAE744F00400128 /* Base */ = {isa = PBXFileReference; lastKnownFileType = file.storyboard; name = Base; path = Base.lproj/LaunchScreen.storyboard; sourceTree = "<group>"; };
		EC1300E91EAE744F00400128 /* Info.plist */ = {isa = PBXFileReference; lastKnownFileType = text.plist.xml; path = Info.plist; sourceTree = "<group>"; };
		EC774D6C1EB5875900353063 /* Constants.swift */ = {isa = PBXFileReference; fileEncoding = 4; lastKnownFileType = sourcecode.swift; path = Constants.swift; sourceTree = "<group>"; };
		EC774D6E1EB58B5700353063 /* CurrentWeather.swift */ = {isa = PBXFileReference; fileEncoding = 4; lastKnownFileType = sourcecode.swift; path = CurrentWeather.swift; sourceTree = "<group>"; };
/* End PBXFileReference section */

/* Begin PBXFrameworksBuildPhase section */
		EC1300D71EAE744F00400128 /* Frameworks */ = {
			isa = PBXFrameworksBuildPhase;
			buildActionMask = 2147483647;
			files = (
				A1327B2C322A83CD1B71DC9A /* Pods_WeatherApp.framework in Frameworks */,
			);
			runOnlyForDeploymentPostprocessing = 0;
		};
/* End PBXFrameworksBuildPhase section */

/* Begin PBXGroup section */
		5BF89B2DEDC675FB8355C47D /* Pods */ = {
			isa = PBXGroup;
			children = (
				E62DD77BCDF1CE67190C5ACB /* Pods-WeatherApp.debug.xcconfig */,
				810414817D815B8D840FB26F /* Pods-WeatherApp.release.xcconfig */,
			);
			name = Pods;
			sourceTree = "<group>";
		};
		E40D730C1C9EE154172F5F73 /* Frameworks */ = {
			isa = PBXGroup;
			children = (
				C0F7C2C9507FF3A7E62ED57C /* Pods_WeatherApp.framework */,
			);
			name = Frameworks;
			sourceTree = "<group>";
		};
		EC1300D11EAE744F00400128 = {
			isa = PBXGroup;
			children = (
				EC1300DC1EAE744F00400128 /* WeatherApp */,
				EC1300DB1EAE744F00400128 /* Products */,
				5BF89B2DEDC675FB8355C47D /* Pods */,
				E40D730C1C9EE154172F5F73 /* Frameworks */,
			);
			sourceTree = "<group>";
		};
		EC1300DB1EAE744F00400128 /* Products */ = {
			isa = PBXGroup;
			children = (
				EC1300DA1EAE744F00400128 /* WeatherApp.app */,
			);
			name = Products;
			sourceTree = "<group>";
		};
		EC1300DC1EAE744F00400128 /* WeatherApp */ = {
			isa = PBXGroup;
			children = (
				ECA09B5A1EAF688D001D7B98 /* Model */,
				ECA09B581EAF686B001D7B98 /* View */,
				ECA09B591EAF687D001D7B98 /* Controller */,
				EC1300DD1EAE744F00400128 /* AppDelegate.swift */,
				EC1300E11EAE744F00400128 /* Main.storyboard */,
				EC1300E41EAE744F00400128 /* Assets.xcassets */,
				EC1300E61EAE744F00400128 /* LaunchScreen.storyboard */,
				EC1300E91EAE744F00400128 /* Info.plist */,
			);
			path = WeatherApp;
			sourceTree = "<group>";
		};
		ECA09B581EAF686B001D7B98 /* View */ = {
			isa = PBXGroup;
			children = (
			);
			name = View;
			sourceTree = "<group>";
		};
		ECA09B591EAF687D001D7B98 /* Controller */ = {
			isa = PBXGroup;
			children = (
				EC1300DF1EAE744F00400128 /* WeatherVC.swift */,
			);
			name = Controller;
			sourceTree = "<group>";
		};
		ECA09B5A1EAF688D001D7B98 /* Model */ = {
			isa = PBXGroup;
			children = (
				EC774D6C1EB5875900353063 /* Constants.swift */,
				EC774D6E1EB58B5700353063 /* CurrentWeather.swift */,
			);
			name = Model;
			sourceTree = "<group>";
		};
/* End PBXGroup section */

/* Begin PBXNativeTarget section */
		EC1300D91EAE744F00400128 /* WeatherApp */ = {
			isa = PBXNativeTarget;
			buildConfigurationList = EC1300EC1EAE744F00400128 /* Build configuration list for PBXNativeTarget "WeatherApp" */;
			buildPhases = (
				3AF1DEBE2DCC05BD414D9BC5 /* [CP] Check Pods Manifest.lock */,
				EC1300D61EAE744F00400128 /* Sources */,
				EC1300D71EAE744F00400128 /* Frameworks */,
				EC1300D81EAE744F00400128 /* Resources */,
				3521C9309619D47EDC4E3B43 /* [CP] Embed Pods Frameworks */,
				600CBF88C8FBFB2C02839AAC /* [CP] Copy Pods Resources */,
			);
			buildRules = (
			);
			dependencies = (
			);
			name = WeatherApp;
			productName = WeatherApp;
			productReference = EC1300DA1EAE744F00400128 /* WeatherApp.app */;
			productType = "com.apple.product-type.application";
		};
/* End PBXNativeTarget section */

/* Begin PBXProject section */
		EC1300D21EAE744F00400128 /* Project object */ = {
			isa = PBXProject;
			attributes = {
				LastSwiftUpdateCheck = 0830;
				LastUpgradeCheck = 0830;
				ORGANIZATIONNAME = "Ismail Hossain";
				TargetAttributes = {
					EC1300D91EAE744F00400128 = {
						CreatedOnToolsVersion = 8.3.2;
						DevelopmentTeam = Y3C6BG2S4Y;
						ProvisioningStyle = Automatic;
					};
				};
			};
			buildConfigurationList = EC1300D51EAE744F00400128 /* Build configuration list for PBXProject "WeatherApp" */;
			compatibilityVersion = "Xcode 3.2";
			developmentRegion = English;
			hasScannedForEncodings = 0;
			knownRegions = (
				en,
				Base,
			);
			mainGroup = EC1300D11EAE744F00400128;
			productRefGroup = EC1300DB1EAE744F00400128 /* Products */;
			projectDirPath = "";
			projectRoot = "";
			targets = (
				EC1300D91EAE744F00400128 /* WeatherApp */,
			);
		};
/* End PBXProject section */

/* Begin PBXResourcesBuildPhase section */
		EC1300D81EAE744F00400128 /* Resources */ = {
			isa = PBXResourcesBuildPhase;
			buildActionMask = 2147483647;
			files = (
				EC1300E81EAE744F00400128 /* LaunchScreen.storyboard in Resources */,
				EC1300E51EAE744F00400128 /* Assets.xcassets in Resources */,
				EC1300E31EAE744F00400128 /* Main.storyboard in Resources */,
			);
			runOnlyForDeploymentPostprocessing = 0;
		};
/* End PBXResourcesBuildPhase section */

/* Begin PBXShellScriptBuildPhase section */
		3521C9309619D47EDC4E3B43 /* [CP] Embed Pods Frameworks */ = {
			isa = PBXShellScriptBuildPhase;
			buildActionMask = 2147483647;
			files = (
			);
			inputPaths = (
			);
			name = "[CP] Embed Pods Frameworks";
			outputPaths = (
			);
			runOnlyForDeploymentPostprocessing = 0;
			shellPath = /bin/sh;
			shellScript = "\"${SRCROOT}/Pods/Target Support Files/Pods-WeatherApp/Pods-WeatherApp-frameworks.sh\"\n";
			showEnvVarsInLog = 0;
		};
		3AF1DEBE2DCC05BD414D9BC5 /* [CP] Check Pods Manifest.lock */ = {
			isa = PBXShellScriptBuildPhase;
			buildActionMask = 2147483647;
			files = (
			);
			inputPaths = (
			);
			name = "[CP] Check Pods Manifest.lock";
			outputPaths = (
			);
			runOnlyForDeploymentPostprocessing = 0;
			shellPath = /bin/sh;
			shellScript = "diff \"${PODS_PODFILE_DIR_PATH}/Podfile.lock\" \"${PODS_ROOT}/Manifest.lock\" > /dev/null\nif [ $? != 0 ] ; then\n    # print error to STDERR\n    echo \"error: The sandbox is not in sync with the Podfile.lock. Run 'pod install' or update your CocoaPods installation.\" >&2\n    exit 1\nfi\n";
			showEnvVarsInLog = 0;
		};
		600CBF88C8FBFB2C02839AAC /* [CP] Copy Pods Resources */ = {
			isa = PBXShellScriptBuildPhase;
			buildActionMask = 2147483647;
			files = (
			);
			inputPaths = (
			);
			name = "[CP] Copy Pods Resources";
			outputPaths = (
			);
			runOnlyForDeploymentPostprocessing = 0;
			shellPath = /bin/sh;
			shellScript = "\"${SRCROOT}/Pods/Target Support Files/Pods-WeatherApp/Pods-WeatherApp-resources.sh\"\n";
			showEnvVarsInLog = 0;
		};
/* End PBXShellScriptBuildPhase section */

/* Begin PBXSourcesBuildPhase section */
		EC1300D61EAE744F00400128 /* Sources */ = {
			isa = PBXSourcesBuildPhase;
			buildActionMask = 2147483647;
			files = (
				EC1300E01EAE744F00400128 /* WeatherVC.swift in Sources */,
				EC1300DE1EAE744F00400128 /* AppDelegate.swift in Sources */,
				EC774D6F1EB58B5700353063 /* CurrentWeather.swift in Sources */,
				EC774D6D1EB5875900353063 /* Constants.swift in Sources */,
			);
			runOnlyForDeploymentPostprocessing = 0;
		};
/* End PBXSourcesBuildPhase section */

/* Begin PBXVariantGroup section */
		EC1300E11EAE744F00400128 /* Main.storyboard */ = {
			isa = PBXVariantGroup;
			children = (
				EC1300E21EAE744F00400128 /* Base */,
			);
			name = Main.storyboard;
			sourceTree = "<group>";
		};
		EC1300E61EAE744F00400128 /* LaunchScreen.storyboard */ = {
			isa = PBXVariantGroup;
			children = (
				EC1300E71EAE744F00400128 /* Base */,
			);
			name = LaunchScreen.storyboard;
			sourceTree = "<group>";
		};
/* End PBXVariantGroup section */

/* Begin XCBuildConfiguration section */
		EC1300EA1EAE744F00400128 /* Debug */ = {
			isa = XCBuildConfiguration;
			buildSettings = {
				ALWAYS_SEARCH_USER_PATHS = NO;
				CLANG_ANALYZER_NONNULL = YES;
				CLANG_ANALYZER_NUMBER_OBJECT_CONVERSION = YES_AGGRESSIVE;
				CLANG_CXX_LANGUAGE_STANDARD = "gnu++0x";
				CLANG_CXX_LIBRARY = "libc++";
				CLANG_ENABLE_MODULES = YES;
				CLANG_ENABLE_OBJC_ARC = YES;
				CLANG_WARN_BOOL_CONVERSION = YES;
				CLANG_WARN_CONSTANT_CONVERSION = YES;
				CLANG_WARN_DIRECT_OBJC_ISA_USAGE = YES_ERROR;
				CLANG_WARN_DOCUMENTATION_COMMENTS = YES;
				CLANG_WARN_EMPTY_BODY = YES;
				CLANG_WARN_ENUM_CONVERSION = YES;
				CLANG_WARN_INFINITE_RECURSION = YES;
				CLANG_WARN_INT_CONVERSION = YES;
				CLANG_WARN_OBJC_ROOT_CLASS = YES_ERROR;
				CLANG_WARN_SUSPICIOUS_MOVE = YES;
				CLANG_WARN_UNREACHABLE_CODE = YES;
				CLANG_WARN__DUPLICATE_METHOD_MATCH = YES;
				"CODE_SIGN_IDENTITY[sdk=iphoneos*]" = "iPhone Developer";
				COPY_PHASE_STRIP = NO;
				DEBUG_INFORMATION_FORMAT = dwarf;
				ENABLE_STRICT_OBJC_MSGSEND = YES;
				ENABLE_TESTABILITY = YES;
				GCC_C_LANGUAGE_STANDARD = gnu99;
				GCC_DYNAMIC_NO_PIC = NO;
				GCC_NO_COMMON_BLOCKS = YES;
				GCC_OPTIMIZATION_LEVEL = 0;
				GCC_PREPROCESSOR_DEFINITIONS = (
					"DEBUG=1",
					"$(inherited)",
				);
				GCC_WARN_64_TO_32_BIT_CONVERSION = YES;
				GCC_WARN_ABOUT_RETURN_TYPE = YES_ERROR;
				GCC_WARN_UNDECLARED_SELECTOR = YES;
				GCC_WARN_UNINITIALIZED_AUTOS = YES_AGGRESSIVE;
				GCC_WARN_UNUSED_FUNCTION = YES;
				GCC_WARN_UNUSED_VARIABLE = YES;
				IPHONEOS_DEPLOYMENT_TARGET = 10.3;
				MTL_ENABLE_DEBUG_INFO = YES;
				ONLY_ACTIVE_ARCH = YES;
				SDKROOT = iphoneos;
				SWIFT_ACTIVE_COMPILATION_CONDITIONS = DEBUG;
				SWIFT_OPTIMIZATION_LEVEL = "-Onone";
			};
			name = Debug;
		};
		EC1300EB1EAE744F00400128 /* Release */ = {
			isa = XCBuildConfiguration;
			buildSettings = {
				ALWAYS_SEARCH_USER_PATHS = NO;
				CLANG_ANALYZER_NONNULL = YES;
				CLANG_ANALYZER_NUMBER_OBJECT_CONVERSION = YES_AGGRESSIVE;
				CLANG_CXX_LANGUAGE_STANDARD = "gnu++0x";
				CLANG_CXX_LIBRARY = "libc++";
				CLANG_ENABLE_MODULES = YES;
				CLANG_ENABLE_OBJC_ARC = YES;
				CLANG_WARN_BOOL_CONVERSION = YES;
				CLANG_WARN_CONSTANT_CONVERSION = YES;
				CLANG_WARN_DIRECT_OBJC_ISA_USAGE = YES_ERROR;
				CLANG_WARN_DOCUMENTATION_COMMENTS = YES;
				CLANG_WARN_EMPTY_BODY = YES;
				CLANG_WARN_ENUM_CONVERSION = YES;
				CLANG_WARN_INFINITE_RECURSION = YES;
				CLANG_WARN_INT_CONVERSION = YES;
				CLANG_WARN_OBJC_ROOT_CLASS = YES_ERROR;
				CLANG_WARN_SUSPICIOUS_MOVE = YES;
				CLANG_WARN_UNREACHABLE_CODE = YES;
				CLANG_WARN__DUPLICATE_METHOD_MATCH = YES;
				"CODE_SIGN_IDENTITY[sdk=iphoneos*]" = "iPhone Developer";
				COPY_PHASE_STRIP = NO;
				DEBUG_INFORMATION_FORMAT = "dwarf-with-dsym";
				ENABLE_NS_ASSERTIONS = NO;
				ENABLE_STRICT_OBJC_MSGSEND = YES;
				GCC_C_LANGUAGE_STANDARD = gnu99;
				GCC_NO_COMMON_BLOCKS = YES;
				GCC_WARN_64_TO_32_BIT_CONVERSION = YES;
				GCC_WARN_ABOUT_RETURN_TYPE = YES_ERROR;
				GCC_WARN_UNDECLARED_SELECTOR = YES;
				GCC_WARN_UNINITIALIZED_AUTOS = YES_AGGRESSIVE;
				GCC_WARN_UNUSED_FUNCTION = YES;
				GCC_WARN_UNUSED_VARIABLE = YES;
				IPHONEOS_DEPLOYMENT_TARGET = 10.3;
				MTL_ENABLE_DEBUG_INFO = NO;
				SDKROOT = iphoneos;
				SWIFT_OPTIMIZATION_LEVEL = "-Owholemodule";
				VALIDATE_PRODUCT = YES;
			};
			name = Release;
		};
		EC1300ED1EAE744F00400128 /* Debug */ = {
			isa = XCBuildConfiguration;
			baseConfigurationReference = E62DD77BCDF1CE67190C5ACB /* Pods-WeatherApp.debug.xcconfig */;
			buildSettings = {
				ASSETCATALOG_COMPILER_APPICON_NAME = AppIcon;
				DEVELOPMENT_TEAM = Y3C6BG2S4Y;
				INFOPLIST_FILE = WeatherApp/Info.plist;
				LD_RUNPATH_SEARCH_PATHS = "$(inherited) @executable_path/Frameworks";
				PRODUCT_BUNDLE_IDENTIFIER = com.ihossain.WeatherApp;
				PRODUCT_NAME = "$(TARGET_NAME)";
				SWIFT_VERSION = 3.0;
				TARGETED_DEVICE_FAMILY = 1;
			};
			name = Debug;
		};
		EC1300EE1EAE744F00400128 /* Release */ = {
			isa = XCBuildConfiguration;
			baseConfigurationReference = 810414817D815B8D840FB26F /* Pods-WeatherApp.release.xcconfig */;
			buildSettings = {
				ASSETCATALOG_COMPILER_APPICON_NAME = AppIcon;
				DEVELOPMENT_TEAM = Y3C6BG2S4Y;
				INFOPLIST_FILE = WeatherApp/Info.plist;
				LD_RUNPATH_SEARCH_PATHS = "$(inherited) @executable_path/Frameworks";
				PRODUCT_BUNDLE_IDENTIFIER = com.ihossain.WeatherApp;
				PRODUCT_NAME = "$(TARGET_NAME)";
				SWIFT_VERSION = 3.0;
				TARGETED_DEVICE_FAMILY = 1;
			};
			name = Release;
		};
/* End XCBuildConfiguration section */

/* Begin XCConfigurationList section */
		EC1300D51EAE744F00400128 /* Build configuration list for PBXProject "WeatherApp" */ = {
			isa = XCConfigurationList;
			buildConfigurations = (
				EC1300EA1EAE744F00400128 /* Debug */,
				EC1300EB1EAE744F00400128 /* Release */,
			);
			defaultConfigurationIsVisible = 0;
			defaultConfigurationName = Release;
		};
		EC1300EC1EAE744F00400128 /* Build configuration list for PBXNativeTarget "WeatherApp" */ = {
			isa = XCConfigurationList;
			buildConfigurations = (
				EC1300ED1EAE744F00400128 /* Debug */,
				EC1300EE1EAE744F00400128 /* Release */,
			);
			defaultConfigurationIsVisible = 0;
			defaultConfigurationName = Release;
		};
/* End XCConfigurationList section */
	};
	rootObject = EC1300D21EAE744F00400128 /* Project object */;
}
